<?xml version="1.0" encoding="UTF-8" standalone="yes" ?>
<CodeBlocks_project_file>
	<FileVersion major="1" minor="6" />
	<Project>
		<Option title="population" />
		<Option pch_mode="2" />
		<Option compiler="gcc" />
		<Build>
			<Target title="Debug">
				<Option output="bin/Debug/population" prefix_auto="1" extension_auto="1" />
				<Option object_output="obj/Debug/" />
				<Option type="1" />
				<Option compiler="gcc" />
				<Compiler>
					<Add option="-g" />
				</Compiler>
			</Target>
			<Target title="Release">
				<Option output="bin/Release/population" prefix_auto="1" extension_auto="1" />
				<Option object_output="obj/Release/" />
				<Option type="1" />
				<Option compiler="gcc" />
				<Compiler>
					<Add option="-O2" />
				</Compiler>
				<Linker>
					<Add option="-s" />
				</Linker>
			</Target>
		</Build>
		<Compiler>
			<Add option="-Wall" />
		</Compiler>
		<Unit filename="fonctions_individu/ajouter_indiv_q.c">
			<Option compilerVar="CC" />
		</Unit>
		<Unit filename="fonctions_individu/ajouter_indiv_q.h" />
		<Unit filename="fonctions_individu/decoder_indiv.c">
			<Option compilerVar="CC" />
		</Unit>
		<Unit filename="fonctions_individu/decoder_indiv.h" />
		<Unit filename="fonctions_individu/initialiser_indiv.c">
			<Option compilerVar="CC" />
		</Unit>
		<Unit filename="fonctions_individu/initialiser_indiv.h" />
		<Unit filename="fonctions_individu/longueur_indiv.c">
			<Option compilerVar="CC" />
		</Unit>
		<Unit filename="fonctions_individu/longueur_indiv.h" />
		<Unit filename="fonctions_math/puissance.c">
			<Option compilerVar="CC" />
		</Unit>
		<Unit filename="fonctions_math/puissance.h" />
		<Unit filename="main.c">
			<Option compilerVar="CC" />
		</Unit>
		<Unit filename="structures/individu.h" />
		<Extensions>
			<code_completion />
			<envvars />
			<debugger />
			<lib_finder disable_auto="1" />
		</Extensions>
	</Project>
</CodeBlocks_project_file>
